{
  "originHash" : "5e86083eef03a68a4e54a309f79eac563bd3346590d47fcc37a22fc34ee9616a",
  "pins" : [
    {
      "identity" : "sticker",
      "kind" : "remoteSourceControl",
      "location" : "https://github.com/bpisano/sticker",
      "state" : {
        "revision" : "c9dad154c97b69ddecd68ff5695b38f1efeb262a",
        "version" : "1.2.0"
      }
    },
    {
      "identity" : "variableblurview",
      "kind" : "remoteSourceControl",
      "location" : "https://github.com/aheze/VariableBlurView.git",
      "state" : {
        "revision" : "5646a3e7fe418c587db7e55e5b24138a628dc72d",
        "version" : "1.0.2"
      }
    }
  ],
  "version" : 3
}
